<?xml version="1.0" encoding="utf-8"?>
<Project ToolsVersion="4.0" xmlns="http://schemas.microsoft.com/developer/msbuild/2003">
  <ItemGroup>
    <ClCompile Include="main.cpp" />
    <ClCompile Include="sys.cpp">
      <Filter>System</Filter>
    </ClCompile>
    <ClCompile Include="game_manager.cpp">
      <Filter>System</Filter>
    </ClCompile>
    <ClCompile Include="input_system.cpp">
      <Filter>System</Filter>
    </ClCompile>
    <ClCompile Include="scene_template.cpp">
      <Filter>Game</Filter>
    </ClCompile>
    <ClCompile Include="clash_scene.cpp">
      <Filter>Game</Filter>
    </ClCompile>
  </ItemGroup>
  <ItemGroup>
    <Filter Include="System">
      <UniqueIdentifier>{4e920193-2bea-46ea-a847-4e5e07649d49}</UniqueIdentifier>
    </Filter>
    <Filter Include="Game">
      <UniqueIdentifier>{1ddb3d35-6878-4410-b9e6-b5291fa6dfaa}</UniqueIdentifier>
    </Filter>
  </ItemGroup>
  <ItemGroup>
    <ClInclude Include="sys.h">
      <Filter>System</Filter>
    </ClInclude>
    <ClInclude Include="game_manager.h">
      <Filter>System</Filter>
    </ClInclude>
    <ClInclude Include="input_system.h">
      <Filter>System</Filter>
    </ClInclude>
    <ClInclude Include="clash_scene.h">
      <Filter>Game</Filter>
    </ClInclude>
    <ClInclude Include="scene_template.h">
      <Filter>Game</Filter>
    </ClInclude>
    <ClInclude Include="stdafx.h" />
    <ClInclude Include="utility.h">
      <Filter>System</Filter>
    </ClInclude>
  </ItemGroup>
  <ItemGroup>
    <Text Include="temp.txt" />
  </ItemGroup>
</Project>